// !$*UTF8*$!
{
	archiveVersion = 1;
	classes = {
	};
	objectVersion = 55;
	objects = {

/* Begin PBXBuildFile section */
		560E6B9F27D9C64300B8BB29 /* CameraViewController.swift in Sources */ = {isa = PBXBuildFile; fileRef = 560E6B9E27D9C64300B8BB29 /* CameraViewController.swift */; };
		560E6BA327D9D0CD00B8BB29 /* FeedViewController.swift in Sources */ = {isa = PBXBuildFile; fileRef = 560E6BA227D9D0CD00B8BB29 /* FeedViewController.swift */; };
		560E6BA527D9D33B00B8BB29 /* PostCell.swift in Sources */ = {isa = PBXBuildFile; fileRef = 560E6BA427D9D33B00B8BB29 /* PostCell.swift */; };
		5666ADD527D9A542005A23C0 /* AppDelegate.swift in Sources */ = {isa = PBXBuildFile; fileRef = 5666ADD427D9A542005A23C0 /* AppDelegate.swift */; };
		5666ADD727D9A542005A23C0 /* SceneDelegate.swift in Sources */ = {isa = PBXBuildFile; fileRef = 5666ADD627D9A542005A23C0 /* SceneDelegate.swift */; };
		5666ADDC27D9A542005A23C0 /* Main.storyboard in Resources */ = {isa = PBXBuildFile; fileRef = 5666ADDA27D9A542005A23C0 /* Main.storyboard */; };
		5666ADDE27D9A543005A23C0 /* Assets.xcassets in Resources */ = {isa = PBXBuildFile; fileRef = 5666ADDD27D9A543005A23C0 /* Assets.xcassets */; };
		5666ADE127D9A543005A23C0 /* LaunchScreen.storyboard in Resources */ = {isa = PBXBuildFile; fileRef = 5666ADDF27D9A543005A23C0 /* LaunchScreen.storyboard */; };
		5666ADEC27D9A543005A23C0 /* ParstagramTests.swift in Sources */ = {isa = PBXBuildFile; fileRef = 5666ADEB27D9A543005A23C0 /* ParstagramTests.swift */; };
		5666ADF627D9A543005A23C0 /* ParstagramUITests.swift in Sources */ = {isa = PBXBuildFile; fileRef = 5666ADF527D9A543005A23C0 /* ParstagramUITests.swift */; };
		5666ADF827D9A543005A23C0 /* ParstagramUITestsLaunchTests.swift in Sources */ = {isa = PBXBuildFile; fileRef = 5666ADF727D9A543005A23C0 /* ParstagramUITestsLaunchTests.swift */; };
		5666AE0527D9A80C005A23C0 /* LoginViewController.swift in Sources */ = {isa = PBXBuildFile; fileRef = 5666AE0427D9A80C005A23C0 /* LoginViewController.swift */; };
		5F02BB4F4CB0477780A45D48 /* Pods_ParstagramTests.framework in Frameworks */ = {isa = PBXBuildFile; fileRef = AAD1AB388057D69AEFE71ACC /* Pods_ParstagramTests.framework */; };
		6B880B842533CA815FEED8F2 /* Pods_Parstagram_ParstagramUITests.framework in Frameworks */ = {isa = PBXBuildFile; fileRef = AE79E9D6660DD69789C85B8C /* Pods_Parstagram_ParstagramUITests.framework */; };
		E1D1CBCD9DC2EDE388CAEA1F /* Pods_Parstagram.framework in Frameworks */ = {isa = PBXBuildFile; fileRef = 8CA416089B8E80DFC928F866 /* Pods_Parstagram.framework */; };
/* End PBXBuildFile section */

/* Begin PBXContainerItemProxy section */
		5666ADE827D9A543005A23C0 /* PBXContainerItemProxy */ = {
			isa = PBXContainerItemProxy;
			containerPortal = 5666ADC927D9A542005A23C0 /* Project object */;
			proxyType = 1;
			remoteGlobalIDString = 5666ADD027D9A542005A23C0;
			remoteInfo = Parstagram;
		};
		5666ADF227D9A543005A23C0 /* PBXContainerItemProxy */ = {
			isa = PBXContainerItemProxy;
			containerPortal = 5666ADC927D9A542005A23C0 /* Project object */;
			proxyType = 1;
			remoteGlobalIDString = 5666ADD027D9A542005A23C0;
			remoteInfo = Parstagram;
		};
/* End PBXContainerItemProxy section */

/* Begin PBXFileReference section */
		11256F70FC286976737FE724 /* Pods-ParstagramTests.debug.xcconfig */ = {isa = PBXFileReference; includeInIndex = 1; lastKnownFileType = text.xcconfig; name = "Pods-ParstagramTests.debug.xcconfig"; path = "Target Support Files/Pods-ParstagramTests/Pods-ParstagramTests.debug.xcconfig"; sourceTree = "<group>"; };
		1F431C5B6F4F98988EC96C4D /* Pods-Parstagram-ParstagramUITests.release.xcconfig */ = {isa = PBXFileReference; includeInIndex = 1; lastKnownFileType = text.xcconfig; name = "Pods-Parstagram-ParstagramUITests.release.xcconfig"; path = "Target Support Files/Pods-Parstagram-ParstagramUITests/Pods-Parstagram-ParstagramUITests.release.xcconfig"; sourceTree = "<group>"; };
		560E6B9E27D9C64300B8BB29 /* CameraViewController.swift */ = {isa = PBXFileReference; lastKnownFileType = sourcecode.swift; path = CameraViewController.swift; sourceTree = "<group>"; };
		560E6BA227D9D0CD00B8BB29 /* FeedViewController.swift */ = {isa = PBXFileReference; lastKnownFileType = sourcecode.swift; path = FeedViewController.swift; sourceTree = "<group>"; };
		560E6BA427D9D33B00B8BB29 /* PostCell.swift */ = {isa = PBXFileReference; lastKnownFileType = sourcecode.swift; path = PostCell.swift; sourceTree = "<group>"; };
		5666ADD127D9A542005A23C0 /* Parstagram.app */ = {isa = PBXFileReference; explicitFileType = wrapper.application; includeInIndex = 0; path = Parstagram.app; sourceTree = BUILT_PRODUCTS_DIR; };
		5666ADD427D9A542005A23C0 /* AppDelegate.swift */ = {isa = PBXFileReference; lastKnownFileType = sourcecode.swift; path = AppDelegate.swift; sourceTree = "<group>"; };
		5666ADD627D9A542005A23C0 /* SceneDelegate.swift */ = {isa = PBXFileReference; lastKnownFileType = sourcecode.swift; path = SceneDelegate.swift; sourceTree = "<group>"; };
		5666ADDB27D9A542005A23C0 /* Base */ = {isa = PBXFileReference; lastKnownFileType = file.storyboard; name = Base; path = Base.lproj/Main.storyboard; sourceTree = "<group>"; };
		5666ADDD27D9A543005A23C0 /* Assets.xcassets */ = {isa = PBXFileReference; lastKnownFileType = folder.assetcatalog; path = Assets.xcassets; sourceTree = "<group>"; };
		5666ADE027D9A543005A23C0 /* Base */ = {isa = PBXFileReference; lastKnownFileType = file.storyboard; name = Base; path = Base.lproj/LaunchScreen.storyboard; sourceTree = "<group>"; };
		5666ADE227D9A543005A23C0 /* Info.plist */ = {isa = PBXFileReference; lastKnownFileType = text.plist.xml; path = Info.plist; sourceTree = "<group>"; };
		5666ADE727D9A543005A23C0 /* ParstagramTests.xctest */ = {isa = PBXFileReference; explicitFileType = wrapper.cfbundle; includeInIndex = 0; path = ParstagramTests.xctest; sourceTree = BUILT_PRODUCTS_DIR; };
		5666ADEB27D9A543005A23C0 /* ParstagramTests.swift */ = {isa = PBXFileReference; lastKnownFileType = sourcecode.swift; path = ParstagramTests.swift; sourceTree = "<group>"; };
		5666ADF127D9A543005A23C0 /* ParstagramUITests.xctest */ = {isa = PBXFileReference; explicitFileType = wrapper.cfbundle; includeInIndex = 0; path = ParstagramUITests.xctest; sourceTree = BUILT_PRODUCTS_DIR; };
		5666ADF527D9A543005A23C0 /* ParstagramUITests.swift */ = {isa = PBXFileReference; lastKnownFileType = sourcecode.swift; path = ParstagramUITests.swift; sourceTree = "<group>"; };
		5666ADF727D9A543005A23C0 /* ParstagramUITestsLaunchTests.swift */ = {isa = PBXFileReference; lastKnownFileType = sourcecode.swift; path = ParstagramUITestsLaunchTests.swift; sourceTree = "<group>"; };
		5666AE0427D9A80C005A23C0 /* LoginViewController.swift */ = {isa = PBXFileReference; lastKnownFileType = sourcecode.swift; path = LoginViewController.swift; sourceTree = "<group>"; };
		5C398C191897D9EB5253868B /* Pods-ParstagramTests.release.xcconfig */ = {isa = PBXFileReference; includeInIndex = 1; lastKnownFileType = text.xcconfig; name = "Pods-ParstagramTests.release.xcconfig"; path = "Target Support Files/Pods-ParstagramTests/Pods-ParstagramTests.release.xcconfig"; sourceTree = "<group>"; };
		8290E3ACB327F6F40B91F2B4 /* Pods-Parstagram.debug.xcconfig */ = {isa = PBXFileReference; includeInIndex = 1; lastKnownFileType = text.xcconfig; name = "Pods-Parstagram.debug.xcconfig"; path = "Target Support Files/Pods-Parstagram/Pods-Parstagram.debug.xcconfig"; sourceTree = "<group>"; };
		8CA416089B8E80DFC928F866 /* Pods_Parstagram.framework */ = {isa = PBXFileReference; explicitFileType = wrapper.framework; includeInIndex = 0; path = Pods_Parstagram.framework; sourceTree = BUILT_PRODUCTS_DIR; };
		AAD1AB388057D69AEFE71ACC /* Pods_ParstagramTests.framework */ = {isa = PBXFileReference; explicitFileType = wrapper.framework; includeInIndex = 0; path = Pods_ParstagramTests.framework; sourceTree = BUILT_PRODUCTS_DIR; };
		AE79E9D6660DD69789C85B8C /* Pods_Parstagram_ParstagramUITests.framework */ = {isa = PBXFileReference; explicitFileType = wrapper.framework; includeInIndex = 0; path = Pods_Parstagram_ParstagramUITests.framework; sourceTree = BUILT_PRODUCTS_DIR; };
		BBF4A41D1916DAF7247BF8C7 /* Pods-Parstagram-ParstagramUITests.debug.xcconfig */ = {isa = PBXFileReference; includeInIndex = 1; lastKnownFileType = text.xcconfig; name = "Pods-Parstagram-ParstagramUITests.debug.xcconfig"; path = "Target Support Files/Pods-Parstagram-ParstagramUITests/Pods-Parstagram-ParstagramUITests.debug.xcconfig"; sourceTree = "<group>"; };
		BCF4F37B9E586ECB851A55B0 /* Pods-Parstagram.release.xcconfig */ = {isa = PBXFileReference; includeInIndex = 1; lastKnownFileType = text.xcconfig; name = "Pods-Parstagram.release.xcconfig"; path = "Target Support Files/Pods-Parstagram/Pods-Parstagram.release.xcconfig"; sourceTree = "<group>"; };
/* End PBXFileReference section */

/* Begin PBXFrameworksBuildPhase section */
		5666ADCE27D9A542005A23C0 /* Frameworks */ = {
			isa = PBXFrameworksBuildPhase;
			buildActionMask = 2147483647;
			files = (
				E1D1CBCD9DC2EDE388CAEA1F /* Pods_Parstagram.framework in Frameworks */,
			);
			runOnlyForDeploymentPostprocessing = 0;
		};
		5666ADE427D9A543005A23C0 /* Frameworks */ = {
			isa = PBXFrameworksBuildPhase;
			buildActionMask = 2147483647;
			files = (
				5F02BB4F4CB0477780A45D48 /* Pods_ParstagramTests.framework in Frameworks */,
			);
			runOnlyForDeploymentPostprocessing = 0;
		};
		5666ADEE27D9A543005A23C0 /* Frameworks */ = {
			isa = PBXFrameworksBuildPhase;
			buildActionMask = 2147483647;
			files = (
				6B880B842533CA815FEED8F2 /* Pods_Parstagram_ParstagramUITests.framework in Frameworks */,
			);
			runOnlyForDeploymentPostprocessing = 0;
		};
/* End PBXFrameworksBuildPhase section */

/* Begin PBXGroup section */
		1EEB2D6C86F5BE9E31BCD73B /* Pods */ = {
			isa = PBXGroup;
			children = (
				8290E3ACB327F6F40B91F2B4 /* Pods-Parstagram.debug.xcconfig */,
				BCF4F37B9E586ECB851A55B0 /* Pods-Parstagram.release.xcconfig */,
				BBF4A41D1916DAF7247BF8C7 /* Pods-Parstagram-ParstagramUITests.debug.xcconfig */,
				1F431C5B6F4F98988EC96C4D /* Pods-Parstagram-ParstagramUITests.release.xcconfig */,
				11256F70FC286976737FE724 /* Pods-ParstagramTests.debug.xcconfig */,
				5C398C191897D9EB5253868B /* Pods-ParstagramTests.release.xcconfig */,
			);
			path = Pods;
			sourceTree = "<group>";
		};
		5666ADC827D9A542005A23C0 = {
			isa = PBXGroup;
			children = (
				5666ADD327D9A542005A23C0 /* Parstagram */,
				5666ADEA27D9A543005A23C0 /* ParstagramTests */,
				5666ADF427D9A543005A23C0 /* ParstagramUITests */,
				5666ADD227D9A542005A23C0 /* Products */,
				1EEB2D6C86F5BE9E31BCD73B /* Pods */,
				B8062117B0DF696565A5D2C1 /* Frameworks */,
			);
			sourceTree = "<group>";
		};
		5666ADD227D9A542005A23C0 /* Products */ = {
			isa = PBXGroup;
			children = (
				5666ADD127D9A542005A23C0 /* Parstagram.app */,
				5666ADE727D9A543005A23C0 /* ParstagramTests.xctest */,
				5666ADF127D9A543005A23C0 /* ParstagramUITests.xctest */,
			);
			name = Products;
			sourceTree = "<group>";
		};
		5666ADD327D9A542005A23C0 /* Parstagram */ = {
			isa = PBXGroup;
			children = (
				5666ADD427D9A542005A23C0 /* AppDelegate.swift */,
				5666ADD627D9A542005A23C0 /* SceneDelegate.swift */,
				5666ADDA27D9A542005A23C0 /* Main.storyboard */,
				5666ADDD27D9A543005A23C0 /* Assets.xcassets */,
				5666ADDF27D9A543005A23C0 /* LaunchScreen.storyboard */,
				5666ADE227D9A543005A23C0 /* Info.plist */,
				5666AE0427D9A80C005A23C0 /* LoginViewController.swift */,
				560E6B9E27D9C64300B8BB29 /* CameraViewController.swift */,
				560E6BA227D9D0CD00B8BB29 /* FeedViewController.swift */,
				560E6BA427D9D33B00B8BB29 /* PostCell.swift */,
			);
			path = Parstagram;
			sourceTree = "<group>";
		};
		5666ADEA27D9A543005A23C0 /* ParstagramTests */ = {
			isa = PBXGroup;
			children = (
				5666ADEB27D9A543005A23C0 /* ParstagramTests.swift */,
			);
			path = ParstagramTests;
			sourceTree = "<group>";
		};
		5666ADF427D9A543005A23C0 /* ParstagramUITests */ = {
			isa = PBXGroup;
			children = (
				5666ADF527D9A543005A23C0 /* ParstagramUITests.swift */,
				5666ADF727D9A543005A23C0 /* ParstagramUITestsLaunchTests.swift */,
			);
			path = ParstagramUITests;
			sourceTree = "<group>";
		};
		B8062117B0DF696565A5D2C1 /* Frameworks */ = {
			isa = PBXGroup;
			children = (
				8CA416089B8E80DFC928F866 /* Pods_Parstagram.framework */,
				AE79E9D6660DD69789C85B8C /* Pods_Parstagram_ParstagramUITests.framework */,
				AAD1AB388057D69AEFE71ACC /* Pods_ParstagramTests.framework */,
			);
			name = Frameworks;
			sourceTree = "<group>";
		};
/* End PBXGroup section */

/* Begin PBXNativeTarget section */
		5666ADD027D9A542005A23C0 /* Parstagram */ = {
			isa = PBXNativeTarget;
			buildConfigurationList = 5666ADFB27D9A543005A23C0 /* Build configuration list for PBXNativeTarget "Parstagram" */;
			buildPhases = (
				4F44C009F2D7D1BCEAAA64D9 /* [CP] Check Pods Manifest.lock */,
				5666ADCD27D9A542005A23C0 /* Sources */,
				5666ADCE27D9A542005A23C0 /* Frameworks */,
				5666ADCF27D9A542005A23C0 /* Resources */,
				426355C186C03A9F57E44793 /* [CP] Embed Pods Frameworks */,
			);
			buildRules = (
			);
			dependencies = (
			);
			name = Parstagram;
			productName = Parstagram;
			productReference = 5666ADD127D9A542005A23C0 /* Parstagram.app */;
			productType = "com.apple.product-type.application";
		};
		5666ADE627D9A543005A23C0 /* ParstagramTests */ = {
			isa = PBXNativeTarget;
			buildConfigurationList = 5666ADFE27D9A543005A23C0 /* Build configuration list for PBXNativeTarget "ParstagramTests" */;
			buildPhases = (
				541A2CD53366068B8D88944B /* [CP] Check Pods Manifest.lock */,
				5666ADE327D9A543005A23C0 /* Sources */,
				5666ADE427D9A543005A23C0 /* Frameworks */,
				5666ADE527D9A543005A23C0 /* Resources */,
			);
			buildRules = (
			);
			dependencies = (
				5666ADE927D9A543005A23C0 /* PBXTargetDependency */,
			);
			name = ParstagramTests;
			productName = ParstagramTests;
			productReference = 5666ADE727D9A543005A23C0 /* ParstagramTests.xctest */;
			productType = "com.apple.product-type.bundle.unit-test";
		};
		5666ADF027D9A543005A23C0 /* ParstagramUITests */ = {
			isa = PBXNativeTarget;
			buildConfigurationList = 5666AE0127D9A543005A23C0 /* Build configuration list for PBXNativeTarget "ParstagramUITests" */;
			buildPhases = (
				45931486A1903403AA987758 /* [CP] Check Pods Manifest.lock */,
				5666ADED27D9A543005A23C0 /* Sources */,
				5666ADEE27D9A543005A23C0 /* Frameworks */,
				5666ADEF27D9A543005A23C0 /* Resources */,
				333EB478A62FD712A060420B /* [CP] Embed Pods Frameworks */,
			);
			buildRules = (
			);
			dependencies = (
				5666ADF327D9A543005A23C0 /* PBXTargetDependency */,
			);
			name = ParstagramUITests;
			productName = ParstagramUITests;
			productReference = 5666ADF127D9A543005A23C0 /* ParstagramUITests.xctest */;
			productType = "com.apple.product-type.bundle.ui-testing";
		};
/* End PBXNativeTarget section */

/* Begin PBXProject section */
		5666ADC927D9A542005A23C0 /* Project object */ = {
			isa = PBXProject;
			attributes = {
				BuildIndependentTargetsInParallel = 1;
				LastSwiftUpdateCheck = 1320;
				LastUpgradeCheck = 1320;
				TargetAttributes = {
					5666ADD027D9A542005A23C0 = {
						CreatedOnToolsVersion = 13.2.1;
					};
					5666ADE627D9A543005A23C0 = {
						CreatedOnToolsVersion = 13.2.1;
						TestTargetID = 5666ADD027D9A542005A23C0;
					};
					5666ADF027D9A543005A23C0 = {
						CreatedOnToolsVersion = 13.2.1;
						TestTargetID = 5666ADD027D9A542005A23C0;
					};
				};
			};
			buildConfigurationList = 5666ADCC27D9A542005A23C0 /* Build configuration list for PBXProject "Parstagram" */;
			compatibilityVersion = "Xcode 13.0";
			developmentRegion = en;
			hasScannedForEncodings = 0;
			knownRegions = (
				en,
				Base,
			);
			mainGroup = 5666ADC827D9A542005A23C0;
			productRefGroup = 5666ADD227D9A542005A23C0 /* Products */;
			projectDirPath = "";
			projectRoot = "";
			targets = (
				5666ADD027D9A542005A23C0 /* Parstagram */,
				5666ADE627D9A543005A23C0 /* ParstagramTests */,
				5666ADF027D9A543005A23C0 /* ParstagramUITests */,
			);
		};
/* End PBXProject section */

/* Begin PBXResourcesBuildPhase section */
		5666ADCF27D9A542005A23C0 /* Resources */ = {
			isa = PBXResourcesBuildPhase;
			buildActionMask = 2147483647;
			files = (
				5666ADE127D9A543005A23C0 /* LaunchScreen.storyboard in Resources */,
				5666ADDE27D9A543005A23C0 /* Assets.xcassets in Resources */,
				5666ADDC27D9A542005A23C0 /* Main.storyboard in Resources */,
			);
			runOnlyForDeploymentPostprocessing = 0;
		};
		5666ADE527D9A543005A23C0 /* Resources */ = {
			isa = PBXResourcesBuildPhase;
			buildActionMask = 2147483647;
			files = (
			);
			runOnlyForDeploymentPostprocessing = 0;
		};
		5666ADEF27D9A543005A23C0 /* Resources */ = {
			isa = PBXResourcesBuildPhase;
			buildActionMask = 2147483647;
			files = (
			);
			runOnlyForDeploymentPostprocessing = 0;
		};
/* End PBXResourcesBuildPhase section */

/* Begin PBXShellScriptBuildPhase section */
		333EB478A62FD712A060420B /* [CP] Embed Pods Frameworks */ = {
			isa = PBXShellScriptBuildPhase;
			buildActionMask = 2147483647;
			files = (
			);
			inputFileListPaths = (
				"${PODS_ROOT}/Target Support Files/Pods-Parstagram-ParstagramUITests/Pods-Parstagram-ParstagramUITests-frameworks-${CONFIGURATION}-input-files.xcfilelist",
			);
			name = "[CP] Embed Pods Frameworks";
			outputFileListPaths = (
				"${PODS_ROOT}/Target Support Files/Pods-Parstagram-ParstagramUITests/Pods-Parstagram-ParstagramUITests-frameworks-${CONFIGURATION}-output-files.xcfilelist",
			);
			runOnlyForDeploymentPostprocessing = 0;
			shellPath = /bin/sh;
			shellScript = "\"${PODS_ROOT}/Target Support Files/Pods-Parstagram-ParstagramUITests/Pods-Parstagram-ParstagramUITests-frameworks.sh\"\n";
			showEnvVarsInLog = 0;
		};
		426355C186C03A9F57E44793 /* [CP] Embed Pods Frameworks */ = {
			isa = PBXShellScriptBuildPhase;
			buildActionMask = 2147483647;
			files = (
			);
			inputFileListPaths = (
				"${PODS_ROOT}/Target Support Files/Pods-Parstagram/Pods-Parstagram-frameworks-${CONFIGURATION}-input-files.xcfilelist",
			);
			name = "[CP] Embed Pods Frameworks";
			outputFileListPaths = (
				"${PODS_ROOT}/Target Support Files/Pods-Parstagram/Pods-Parstagram-frameworks-${CONFIGURATION}-output-files.xcfilelist",
			);
			runOnlyForDeploymentPostprocessing = 0;
			shellPath = /bin/sh;
			shellScript = "\"${PODS_ROOT}/Target Support Files/Pods-Parstagram/Pods-Parstagram-frameworks.sh\"\n";
			showEnvVarsInLog = 0;
		};
		45931486A1903403AA987758 /* [CP] Check Pods Manifest.lock */ = {
			isa = PBXShellScriptBuildPhase;
			buildActionMask = 2147483647;
			files = (
			);
			inputFileListPaths = (
			);
			inputPaths = (
				"${PODS_PODFILE_DIR_PATH}/Podfile.lock",
				"${PODS_ROOT}/Manifest.lock",
			);
			name = "[CP] Check Pods Manifest.lock";
			outputFileListPaths = (
			);
			outputPaths = (
				"$(DERIVED_FILE_DIR)/Pods-Parstagram-ParstagramUITests-checkManifestLockResult.txt",
			);
			runOnlyForDeploymentPostprocessing = 0;
			shellPath = /bin/sh;
			shellScript = "diff \"${PODS_PODFILE_DIR_PATH}/Podfile.lock\" \"${PODS_ROOT}/Manifest.lock\" > /dev/null\nif [ $? != 0 ] ; then\n    # print error to STDERR\n    echo \"error: The sandbox is not in sync with the Podfile.lock. Run 'pod install' or update your CocoaPods installation.\" >&2\n    exit 1\nfi\n# This output is used by Xcode 'outputs' to avoid re-running this script phase.\necho \"SUCCESS\" > \"${SCRIPT_OUTPUT_FILE_0}\"\n";
			showEnvVarsInLog = 0;
		};
		4F44C009F2D7D1BCEAAA64D9 /* [CP] Check Pods Manifest.lock */ = {
			isa = PBXShellScriptBuildPhase;
			buildActionMask = 2147483647;
			files = (
			);
			inputFileListPaths = (
			);
			inputPaths = (
				"${PODS_PODFILE_DIR_PATH}/Podfile.lock",
				"${PODS_ROOT}/Manifest.lock",
			);
			name = "[CP] Check Pods Manifest.lock";
			outputFileListPaths = (
			);
			outputPaths = (
				"$(DERIVED_FILE_DIR)/Pods-Parstagram-checkManifestLockResult.txt",
			);
			runOnlyForDeploymentPostprocessing = 0;
			shellPath = /bin/sh;
			shellScript = "diff \"${PODS_PODFILE_DIR_PATH}/Podfile.lock\" \"${PODS_ROOT}/Manifest.lock\" > /dev/null\nif [ $? != 0 ] ; then\n    # print error to STDERR\n    echo \"error: The sandbox is not in sync with the Podfile.lock. Run 'pod install' or update your CocoaPods installation.\" >&2\n    exit 1\nfi\n# This output is used by Xcode 'outputs' to avoid re-running this script phase.\necho \"SUCCESS\" > \"${SCRIPT_OUTPUT_FILE_0}\"\n";
			showEnvVarsInLog = 0;
		};
		541A2CD53366068B8D88944B /* [CP] Check Pods Manifest.lock */ = {
			isa = PBXShellScriptBuildPhase;
			buildActionMask = 2147483647;
			files = (
			);
			inputFileListPaths = (
			);
			inputPaths = (
				"${PODS_PODFILE_DIR_PATH}/Podfile.lock",
				"${PODS_ROOT}/Manifest.lock",
			);
			name = "[CP] Check Pods Manifest.lock";
			outputFileListPaths = (
			);
			outputPaths = (
				"$(DERIVED_FILE_DIR)/Pods-ParstagramTests-checkManifestLockResult.txt",
			);
			runOnlyForDeploymentPostprocessing = 0;
			shellPath = /bin/sh;
			shellScript = "diff \"${PODS_PODFILE_DIR_PATH}/Podfile.lock\" \"${PODS_ROOT}/Manifest.lock\" > /dev/null\nif [ $? != 0 ] ; then\n    # print error to STDERR\n    echo \"error: The sandbox is not in sync with the Podfile.lock. Run 'pod install' or update your CocoaPods installation.\" >&2\n    exit 1\nfi\n# This output is used by Xcode 'outputs' to avoid re-running this script phase.\necho \"SUCCESS\" > \"${SCRIPT_OUTPUT_FILE_0}\"\n";
			showEnvVarsInLog = 0;
		};
/* End PBXShellScriptBuildPhase section */

/* Begin PBXSourcesBuildPhase section */
		5666ADCD27D9A542005A23C0 /* Sources */ = {
			isa = PBXSourcesBuildPhase;
			buildActionMask = 2147483647;
			files = (
				5666AE0527D9A80C005A23C0 /* LoginViewController.swift in Sources */,
				560E6B9F27D9C64300B8BB29 /* CameraViewController.swift in Sources */,
				560E6BA327D9D0CD00B8BB29 /* FeedViewController.swift in Sources */,
				5666ADD527D9A542005A23C0 /* AppDelegate.swift in Sources */,
				5666ADD727D9A542005A23C0 /* SceneDelegate.swift in Sources */,
				560E6BA527D9D33B00B8BB29 /* PostCell.swift in Sources */,
			);
			runOnlyForDeploymentPostprocessing = 0;
		};
		5666ADE327D9A543005A23C0 /* Sources */ = {
			isa = PBXSourcesBuildPhase;
			buildActionMask = 2147483647;
			files = (
				5666ADEC27D9A543005A23C0 /* ParstagramTests.swift in Sources */,
			);
			runOnlyForDeploymentPostprocessing = 0;
		};
		5666ADED27D9A543005A23C0 /* Sources */ = {
			isa = PBXSourcesBuildPhase;
			buildActionMask = 2147483647;
			files = (
				5666ADF827D9A543005A23C0 /* ParstagramUITestsLaunchTests.swift in Sources */,
				5666ADF627D9A543005A23C0 /* ParstagramUITests.swift in Sources */,
			);
			runOnlyForDeploymentPostprocessing = 0;
		};
/* End PBXSourcesBuildPhase section */

/* Begin PBXTargetDependency section */
		5666ADE927D9A543005A23C0 /* PBXTargetDependency */ = {
			isa = PBXTargetDependency;
			target = 5666ADD027D9A542005A23C0 /* Parstagram */;
			targetProxy = 5666ADE827D9A543005A23C0 /* PBXContainerItemProxy */;
		};
		5666ADF327D9A543005A23C0 /* PBXTargetDependency */ = {
			isa = PBXTargetDependency;
			target = 5666ADD027D9A542005A23C0 /* Parstagram */;
			targetProxy = 5666ADF227D9A543005A23C0 /* PBXContainerItemProxy */;
		};
/* End PBXTargetDependency section */

/* Begin PBXVariantGroup section */
		5666ADDA27D9A542005A23C0 /* Main.storyboard */ = {
			isa = PBXVariantGroup;
			children = (
				5666ADDB27D9A542005A23C0 /* Base */,
			);
			name = Main.storyboard;
			sourceTree = "<group>";
		};
		5666ADDF27D9A543005A23C0 /* LaunchScreen.storyboard */ = {
			isa = PBXVariantGroup;
			children = (
				5666ADE027D9A543005A23C0 /* Base */,
			);
			name = LaunchScreen.storyboard;
			sourceTree = "<group>";
		};
/* End PBXVariantGroup section */

/* Begin XCBuildConfiguration section */
		5666ADF927D9A543005A23C0 /* Debug */ = {
			isa = XCBuildConfiguration;
			buildSettings = {
				ALWAYS_SEARCH_USER_PATHS = NO;
				CLANG_ANALYZER_NONNULL = YES;
				CLANG_ANALYZER_NUMBER_OBJECT_CONVERSION = YES_AGGRESSIVE;
				CLANG_CXX_LANGUAGE_STANDARD = "gnu++17";
				CLANG_CXX_LIBRARY = "libc++";
				CLANG_ENABLE_MODULES = YES;
				CLANG_ENABLE_OBJC_ARC = YES;
				CLANG_ENABLE_OBJC_WEAK = YES;
				CLANG_WARN_BLOCK_CAPTURE_AUTORELEASING = YES;
				CLANG_WARN_BOOL_CONVERSION = YES;
				CLANG_WARN_COMMA = YES;
				CLANG_WARN_CONSTANT_CONVERSION = YES;
				CLANG_WARN_DEPRECATED_OBJC_IMPLEMENTATIONS = YES;
				CLANG_WARN_DIRECT_OBJC_ISA_USAGE = YES_ERROR;
				CLANG_WARN_DOCUMENTATION_COMMENTS = YES;
				CLANG_WARN_EMPTY_BODY = YES;
				CLANG_WARN_ENUM_CONVERSION = YES;
				CLANG_WARN_INFINITE_RECURSION = YES;
				CLANG_WARN_INT_CONVERSION = YES;
				CLANG_WARN_NON_LITERAL_NULL_CONVERSION = YES;
				CLANG_WARN_OBJC_IMPLICIT_RETAIN_SELF = YES;
				CLANG_WARN_OBJC_LITERAL_CONVERSION = YES;
				CLANG_WARN_OBJC_ROOT_CLASS = YES_ERROR;
				CLANG_WARN_QUOTED_INCLUDE_IN_FRAMEWORK_HEADER = YES;
				CLANG_WARN_RANGE_LOOP_ANALYSIS = YES;
				CLANG_WARN_STRICT_PROTOTYPES = YES;
				CLANG_WARN_SUSPICIOUS_MOVE = YES;
				CLANG_WARN_UNGUARDED_AVAILABILITY = YES_AGGRESSIVE;
				CLANG_WARN_UNREACHABLE_CODE = YES;
				CLANG_WARN__DUPLICATE_METHOD_MATCH = YES;
				COPY_PHASE_STRIP = NO;
				DEBUG_INFORMATION_FORMAT = dwarf;
				ENABLE_STRICT_OBJC_MSGSEND = YES;
				ENABLE_TESTABILITY = YES;
				GCC_C_LANGUAGE_STANDARD = gnu11;
				GCC_DYNAMIC_NO_PIC = NO;
				GCC_NO_COMMON_BLOCKS = YES;
				GCC_OPTIMIZATION_LEVEL = 0;
				GCC_PREPROCESSOR_DEFINITIONS = (
					"DEBUG=1",
					"$(inherited)",
				);
				GCC_WARN_64_TO_32_BIT_CONVERSION = YES;
				GCC_WARN_ABOUT_RETURN_TYPE = YES_ERROR;
				GCC_WARN_UNDECLARED_SELECTOR = YES;
				GCC_WARN_UNINITIALIZED_AUTOS = YES_AGGRESSIVE;
				GCC_WARN_UNUSED_FUNCTION = YES;
				GCC_WARN_UNUSED_VARIABLE = YES;
				IPHONEOS_DEPLOYMENT_TARGET = 15.2;
				MTL_ENABLE_DEBUG_INFO = INCLUDE_SOURCE;
				MTL_FAST_MATH = YES;
				ONLY_ACTIVE_ARCH = YES;
				SDKROOT = iphoneos;
				SWIFT_ACTIVE_COMPILATION_CONDITIONS = DEBUG;
				SWIFT_OPTIMIZATION_LEVEL = "-Onone";
			};
			name = Debug;
		};
		5666ADFA27D9A543005A23C0 /* Release */ = {
			isa = XCBuildConfiguration;
			buildSettings = {
				ALWAYS_SEARCH_USER_PATHS = NO;
				CLANG_ANALYZER_NONNULL = YES;
				CLANG_ANALYZER_NUMBER_OBJECT_CONVERSION = YES_AGGRESSIVE;
				CLANG_CXX_LANGUAGE_STANDARD = "gnu++17";
				CLANG_CXX_LIBRARY = "libc++";
				CLANG_ENABLE_MODULES = YES;
				CLANG_ENABLE_OBJC_ARC = YES;
				CLANG_ENABLE_OBJC_WEAK = YES;
				CLANG_WARN_BLOCK_CAPTURE_AUTORELEASING = YES;
				CLANG_WARN_BOOL_CONVERSION = YES;
				CLANG_WARN_COMMA = YES;
				CLANG_WARN_CONSTANT_CONVERSION = YES;
				CLANG_WARN_DEPRECATED_OBJC_IMPLEMENTATIONS = YES;
				CLANG_WARN_DIRECT_OBJC_ISA_USAGE = YES_ERROR;
				CLANG_WARN_DOCUMENTATION_COMMENTS = YES;
				CLANG_WARN_EMPTY_BODY = YES;
				CLANG_WARN_ENUM_CONVERSION = YES;
				CLANG_WARN_INFINITE_RECURSION = YES;
				CLANG_WARN_INT_CONVERSION = YES;
				CLANG_WARN_NON_LITERAL_NULL_CONVERSION = YES;
				CLANG_WARN_OBJC_IMPLICIT_RETAIN_SELF = YES;
				CLANG_WARN_OBJC_LITERAL_CONVERSION = YES;
				CLANG_WARN_OBJC_ROOT_CLASS = YES_ERROR;
				CLANG_WARN_QUOTED_INCLUDE_IN_FRAMEWORK_HEADER = YES;
				CLANG_WARN_RANGE_LOOP_ANALYSIS = YES;
				CLANG_WARN_STRICT_PROTOTYPES = YES;
				CLANG_WARN_SUSPICIOUS_MOVE = YES;
				CLANG_WARN_UNGUARDED_AVAILABILITY = YES_AGGRESSIVE;
				CLANG_WARN_UNREACHABLE_CODE = YES;
				CLANG_WARN__DUPLICATE_METHOD_MATCH = YES;
				COPY_PHASE_STRIP = NO;
				DEBUG_INFORMATION_FORMAT = "dwarf-with-dsym";
				ENABLE_NS_ASSERTIONS = NO;
				ENABLE_STRICT_OBJC_MSGSEND = YES;
				GCC_C_LANGUAGE_STANDARD = gnu11;
				GCC_NO_COMMON_BLOCKS = YES;
				GCC_WARN_64_TO_32_BIT_CONVERSION = YES;
				GCC_WARN_ABOUT_RETURN_TYPE = YES_ERROR;
				GCC_WARN_UNDECLARED_SELECTOR = YES;
				GCC_WARN_UNINITIALIZED_AUTOS = YES_AGGRESSIVE;
				GCC_WARN_UNUSED_FUNCTION = YES;
				GCC_WARN_UNUSED_VARIABLE = YES;
				IPHONEOS_DEPLOYMENT_TARGET = 15.2;
				MTL_ENABLE_DEBUG_INFO = NO;
				MTL_FAST_MATH = YES;
				SDKROOT = iphoneos;
				SWIFT_COMPILATION_MODE = wholemodule;
				SWIFT_OPTIMIZATION_LEVEL = "-O";
				VALIDATE_PRODUCT = YES;
			};
			name = Release;
		};
		5666ADFC27D9A543005A23C0 /* Debug */ = {
			isa = XCBuildConfiguration;
			baseConfigurationReference = 8290E3ACB327F6F40B91F2B4 /* Pods-Parstagram.debug.xcconfig */;
			buildSettings = {
				ASSETCATALOG_COMPILER_APPICON_NAME = AppIcon;
				ASSETCATALOG_COMPILER_GLOBAL_ACCENT_COLOR_NAME = AccentColor;
				CODE_SIGN_STYLE = Automatic;
				CURRENT_PROJECT_VERSION = 1;
				DEVELOPMENT_TEAM = 99YXD7A367;
				GENERATE_INFOPLIST_FILE = YES;
				INFOPLIST_FILE = Parstagram/Info.plist;
				INFOPLIST_KEY_UIApplicationSupportsIndirectInputEvents = YES;
				INFOPLIST_KEY_UILaunchStoryboardName = LaunchScreen;
				INFOPLIST_KEY_UIMainStoryboardFile = Main;
				INFOPLIST_KEY_UISupportedInterfaceOrientations_iPad = "UIInterfaceOrientationPortrait UIInterfaceOrientationPortraitUpsideDown UIInterfaceOrientationLandscapeLeft UIInterfaceOrientationLandscapeRight";
				INFOPLIST_KEY_UISupportedInterfaceOrientations_iPhone = "UIInterfaceOrientationPortrait UIInterfaceOrientationLandscapeLeft UIInterfaceOrientationLandscapeRight";
				LD_RUNPATH_SEARCH_PATHS = (
					"$(inherited)",
					"@executable_path/Frameworks",
				);
				MARKETING_VERSION = 1.0;
				PRODUCT_BUNDLE_IDENTIFIER = com.charlesxu.Parstagram;
				PRODUCT_NAME = "$(TARGET_NAME)";
				SWIFT_EMIT_LOC_STRINGS = YES;
				SWIFT_VERSION = 5.0;
				TARGETED_DEVICE_FAMILY = "1,2";
			};
			name = Debug;
		};
		5666ADFD27D9A543005A23C0 /* Release */ = {
			isa = XCBuildConfiguration;
			baseConfigurationReference = BCF4F37B9E586ECB851A55B0 /* Pods-Parstagram.release.xcconfig */;
			buildSettings = {
				ASSETCATALOG_COMPILER_APPICON_NAME = AppIcon;
				ASSETCATALOG_COMPILER_GLOBAL_ACCENT_COLOR_NAME = AccentColor;
				CODE_SIGN_STYLE = Automatic;
				CURRENT_PROJECT_VERSION = 1;
				DEVELOPMENT_TEAM = 99YXD7A367;
				GENERATE_INFOPLIST_FILE = YES;
				INFOPLIST_FILE = Parstagram/Info.plist;
				INFOPLIST_KEY_UIApplicationSupportsIndirectInputEvents = YES;
				INFOPLIST_KEY_UILaunchStoryboardName = LaunchScreen;
				INFOPLIST_KEY_UIMainStoryboardFile = Main;
				INFOPLIST_KEY_UISupportedInterfaceOrientations_iPad = "UIInterfaceOrientationPortrait UIInterfaceOrientationPortraitUpsideDown UIInterfaceOrientationLandscapeLeft UIInterfaceOrientationLandscapeRight";
				INFOPLIST_KEY_UISupportedInterfaceOrientations_iPhone = "UIInterfaceOrientationPortrait UIInterfaceOrientationLandscapeLeft UIInterfaceOrientationLandscapeRight";
				LD_RUNPATH_SEARCH_PATHS = (
					"$(inherited)",
					"@executable_path/Frameworks",
				);
				MARKETING_VERSION = 1.0;
				PRODUCT_BUNDLE_IDENTIFIER = com.charlesxu.Parstagram;
				PRODUCT_NAME = "$(TARGET_NAME)";
				SWIFT_EMIT_LOC_STRINGS = YES;
				SWIFT_VERSION = 5.0;
				TARGETED_DEVICE_FAMILY = "1,2";
			};
			name = Release;
		};
		5666ADFF27D9A543005A23C0 /* Debug */ = {
			isa = XCBuildConfiguration;
			baseConfigurationReference = 11256F70FC286976737FE724 /* Pods-ParstagramTests.debug.xcconfig */;
			buildSettings = {
				ALWAYS_EMBED_SWIFT_STANDARD_LIBRARIES = YES;
				BUNDLE_LOADER = "$(TEST_HOST)";
				CODE_SIGN_STYLE = Automatic;
				CURRENT_PROJECT_VERSION = 1;
				DEVELOPMENT_TEAM = 99YXD7A367;
				GENERATE_INFOPLIST_FILE = YES;
				IPHONEOS_DEPLOYMENT_TARGET = 15.2;
				MARKETING_VERSION = 1.0;
				PRODUCT_BUNDLE_IDENTIFIER = com.charlesxu.ParstagramTests;
				PRODUCT_NAME = "$(TARGET_NAME)";
				SWIFT_EMIT_LOC_STRINGS = NO;
				SWIFT_VERSION = 5.0;
				TARGETED_DEVICE_FAMILY = "1,2";
				TEST_HOST = "$(BUILT_PRODUCTS_DIR)/Parstagram.app/Parstagram";
			};
			name = Debug;
		};
		5666AE0027D9A543005A23C0 /* Release */ = {
			isa = XCBuildConfiguration;
			baseConfigurationReference = 5C398C191897D9EB5253868B /* Pods-ParstagramTests.release.xcconfig */;
			buildSettings = {
				ALWAYS_EMBED_SWIFT_STANDARD_LIBRARIES = YES;
				BUNDLE_LOADER = "$(TEST_HOST)";
				CODE_SIGN_STYLE = Automatic;
				CURRENT_PROJECT_VERSION = 1;
				DEVELOPMENT_TEAM = 99YXD7A367;
				GENERATE_INFOPLIST_FILE = YES;
				IPHONEOS_DEPLOYMENT_TARGET = 15.2;
				MARKETING_VERSION = 1.0;
				PRODUCT_BUNDLE_IDENTIFIER = com.charlesxu.ParstagramTests;
				PRODUCT_NAME = "$(TARGET_NAME)";
				SWIFT_EMIT_LOC_STRINGS = NO;
				SWIFT_VERSION = 5.0;
				TARGETED_DEVICE_FAMILY = "1,2";
				TEST_HOST = "$(BUILT_PRODUCTS_DIR)/Parstagram.app/Parstagram";
			};
			name = Release;
		};
		5666AE0227D9A543005A23C0 /* Debug */ = {
			isa = XCBuildConfiguration;
			baseConfigurationReference = BBF4A41D1916DAF7247BF8C7 /* Pods-Parstagram-ParstagramUITests.debug.xcconfig */;
			buildSettings = {
				ALWAYS_EMBED_SWIFT_STANDARD_LIBRARIES = YES;
				CODE_SIGN_STYLE = Automatic;
				CURRENT_PROJECT_VERSION = 1;
				DEVELOPMENT_TEAM = 99YXD7A367;
				GENERATE_INFOPLIST_FILE = YES;
				MARKETING_VERSION = 1.0;
				PRODUCT_BUNDLE_IDENTIFIER = com.charlesxu.ParstagramUITests;
				PRODUCT_NAME = "$(TARGET_NAME)";
				SWIFT_EMIT_LOC_STRINGS = NO;
				SWIFT_VERSION = 5.0;
				TARGETED_DEVICE_FAMILY = "1,2";
				TEST_TARGET_NAME = Parstagram;
			};
			name = Debug;
		};
		5666AE0327D9A543005A23C0 /* Release */ = {
			isa = XCBuildConfiguration;
			baseConfigurationReference = 1F431C5B6F4F98988EC96C4D /* Pods-Parstagram-ParstagramUITests.release.xcconfig */;
			buildSettings = {
				ALWAYS_EMBED_SWIFT_STANDARD_LIBRARIES = YES;
				CODE_SIGN_STYLE = Automatic;
				CURRENT_PROJECT_VERSION = 1;
				DEVELOPMENT_TEAM = 99YXD7A367;
				GENERATE_INFOPLIST_FILE = YES;
				MARKETING_VERSION = 1.0;
				PRODUCT_BUNDLE_IDENTIFIER = com.charlesxu.ParstagramUITests;
				PRODUCT_NAME = "$(TARGET_NAME)";
				SWIFT_EMIT_LOC_STRINGS = NO;
				SWIFT_VERSION = 5.0;
				TARGETED_DEVICE_FAMILY = "1,2";
				TEST_TARGET_NAME = Parstagram;
			};
			name = Release;
		};
/* End XCBuildConfiguration section */

/* Begin XCConfigurationList section */
		5666ADCC27D9A542005A23C0 /* Build configuration list for PBXProject "Parstagram" */ = {
			isa = XCConfigurationList;
			buildConfigurations = (
				5666ADF927D9A543005A23C0 /* Debug */,
				5666ADFA27D9A543005A23C0 /* Release */,
			);
			defaultConfigurationIsVisible = 0;
			defaultConfigurationName = Release;
		};
		5666ADFB27D9A543005A23C0 /* Build configuration list for PBXNativeTarget "Parstagram" */ = {
			isa = XCConfigurationList;
			buildConfigurations = (
				5666ADFC27D9A543005A23C0 /* Debug */,
				5666ADFD27D9A543005A23C0 /* Release */,
			);
			defaultConfigurationIsVisible = 0;
			defaultConfigurationName = Release;
		};
		5666ADFE27D9A543005A23C0 /* Build configuration list for PBXNativeTarget "ParstagramTests" */ = {
			isa = XCConfigurationList;
			buildConfigurations = (
				5666ADFF27D9A543005A23C0 /* Debug */,
				5666AE0027D9A543005A23C0 /* Release */,
			);
			defaultConfigurationIsVisible = 0;
			defaultConfigurationName = Release;
		};
		5666AE0127D9A543005A23C0 /* Build configuration list for PBXNativeTarget "ParstagramUITests" */ = {
			isa = XCConfigurationList;
			buildConfigurations = (
				5666AE0227D9A543005A23C0 /* Debug */,
				5666AE0327D9A543005A23C0 /* Release */,
			);
			defaultConfigurationIsVisible = 0;
			defaultConfigurationName = Release;
		};
/* End XCConfigurationList section */
	};
	rootObject = 5666ADC927D9A542005A23C0 /* Project object */;
}
